
Microsoft Visual Studio Solution File, Format Version 12.00
# Visual Studio Version 17
VisualStudioVersion = 17.13.35931.197 d17.13
MinimumVisualStudioVersion = 10.0.40219.1
Project("{888888A0-9F3D-457C-B088-3A5042F75D52}") = "MegaGroupProject", "MegaGroupProject\MegaGroupProject.pyproj", "{D80D7908-C747-4F71-91BE-55800E1AB6A0}"
EndProject
Global
	GlobalSection(SolutionConfigurationPlatforms) = preSolution
		Debug|Any CPU = Debug|Any CPU
		Release|Any CPU = Release|Any CPU
	EndGlobalSection
	GlobalSection(ProjectConfigurationPlatforms) = postSolution
		{D80D7908-C747-4F71-91BE-55800E1AB6A0}.Debug|Any CPU.ActiveCfg = Debug|Any CPU
		{D80D7908-C747-4F71-91BE-55800E1AB6A0}.Release|Any CPU.ActiveCfg = Release|Any CPU
	EndGlobalSection
	GlobalSection(SolutionProperties) = preSolution
		HideSolutionNode = FALSE
	EndGlobalSection
	GlobalSection(ExtensibilityGlobals) = postSolution
		SolutionGuid = {73D3DD66-97C9-4261-BA8B-52F400FEB170}
	EndGlobalSection
EndGlobal
